version = 1
revision = 2
requires-python = "==3.12.7"

[[package]]
name = "numpy"
version = "2.3.0"
source = { registry = "https://pypi.org/simple" }
sdist = { url = "https://files.pythonhosted.org/packages/f3/db/8e12381333aea300890829a0a36bfa738cac95475d88982d538725143fd9/numpy-2.3.0.tar.gz", hash = "sha256:581f87f9e9e9db2cba2141400e160e9dd644ee248788d6f90636eeb8fd9260a6", size = 20382813, upload-time = "2025-06-07T14:54:32.608Z" }
wheels = [
    { url = "https://files.pythonhosted.org/packages/89/59/9df493df81ac6f76e9f05cdbe013cdb0c9a37b434f6e594f5bd25e278908/numpy-2.3.0-cp312-cp312-macosx_10_13_x86_64.whl", hash = "sha256:389b85335838155a9076e9ad7f8fdba0827496ec2d2dc32ce69ce7898bde03ba", size = 20897025, upload-time = "2025-06-07T14:40:33.558Z" },
    { url = "https://files.pythonhosted.org/packages/2f/86/4ff04335901d6cf3a6bb9c748b0097546ae5af35e455ae9b962ebff4ecd7/numpy-2.3.0-cp312-cp312-macosx_11_0_arm64.whl", hash = "sha256:9498f60cd6bb8238d8eaf468a3d5bb031d34cd12556af53510f05fcf581c1b7e", size = 14129882, upload-time = "2025-06-07T14:40:55.034Z" },
    { url = "https://files.pythonhosted.org/packages/71/8d/a942cd4f959de7f08a79ab0c7e6cecb7431d5403dce78959a726f0f57aa1/numpy-2.3.0-cp312-cp312-macosx_14_0_arm64.whl", hash = "sha256:622a65d40d8eb427d8e722fd410ac3ad4958002f109230bc714fa551044ebae2", size = 5110181, upload-time = "2025-06-07T14:41:04.4Z" },
    { url = "https://files.pythonhosted.org/packages/86/5d/45850982efc7b2c839c5626fb67fbbc520d5b0d7c1ba1ae3651f2f74c296/numpy-2.3.0-cp312-cp312-macosx_14_0_x86_64.whl", hash = "sha256:b9446d9d8505aadadb686d51d838f2b6688c9e85636a0c3abaeb55ed54756459", size = 6647581, upload-time = "2025-06-07T14:41:14.695Z" },
    { url = "https://files.pythonhosted.org/packages/1a/c0/c871d4a83f93b00373d3eebe4b01525eee8ef10b623a335ec262b58f4dc1/numpy-2.3.0-cp312-cp312-manylinux_2_28_aarch64.whl", hash = "sha256:50080245365d75137a2bf46151e975de63146ae6d79f7e6bd5c0e85c9931d06a", size = 14262317, upload-time = "2025-06-07T14:41:35.862Z" },
    { url = "https://files.pythonhosted.org/packages/b7/f6/bc47f5fa666d5ff4145254f9e618d56e6a4ef9b874654ca74c19113bb538/numpy-2.3.0-cp312-cp312-manylinux_2_28_x86_64.whl", hash = "sha256:c24bb4113c66936eeaa0dc1e47c74770453d34f46ee07ae4efd853a2ed1ad10a", size = 16633919, upload-time = "2025-06-07T14:42:00.622Z" },
    { url = "https://files.pythonhosted.org/packages/f5/b4/65f48009ca0c9b76df5f404fccdea5a985a1bb2e34e97f21a17d9ad1a4ba/numpy-2.3.0-cp312-cp312-musllinux_1_2_aarch64.whl", hash = "sha256:4d8d294287fdf685281e671886c6dcdf0291a7c19db3e5cb4178d07ccf6ecc67", size = 15567651, upload-time = "2025-06-07T14:42:24.429Z" },
    { url = "https://files.pythonhosted.org/packages/f1/62/5367855a2018578e9334ed08252ef67cc302e53edc869666f71641cad40b/numpy-2.3.0-cp312-cp312-musllinux_1_2_x86_64.whl", hash = "sha256:6295f81f093b7f5769d1728a6bd8bf7466de2adfa771ede944ce6711382b89dc", size = 18361723, upload-time = "2025-06-07T14:42:51.167Z" },
    { url = "https://files.pythonhosted.org/packages/d4/75/5baed8cd867eabee8aad1e74d7197d73971d6a3d40c821f1848b8fab8b84/numpy-2.3.0-cp312-cp312-win32.whl", hash = "sha256:e6648078bdd974ef5d15cecc31b0c410e2e24178a6e10bf511e0557eed0f2570", size = 6318285, upload-time = "2025-06-07T14:43:02.052Z" },
    { url = "https://files.pythonhosted.org/packages/bc/49/d5781eaa1a15acb3b3a3f49dc9e2ff18d92d0ce5c2976f4ab5c0a7360250/numpy-2.3.0-cp312-cp312-win_amd64.whl", hash = "sha256:0898c67a58cdaaf29994bc0e2c65230fd4de0ac40afaf1584ed0b02cd74c6fdd", size = 12732594, upload-time = "2025-06-07T14:43:21.071Z" },
    { url = "https://files.pythonhosted.org/packages/c2/1c/6d343e030815c7c97a1f9fbad00211b47717c7fe446834c224bd5311e6f1/numpy-2.3.0-cp312-cp312-win_arm64.whl", hash = "sha256:bd8df082b6c4695753ad6193018c05aac465d634834dca47a3ae06d4bb22d9ea", size = 9891498, upload-time = "2025-06-07T14:43:36.332Z" },
]

[[package]]
name = "pygame"
version = "2.6.1"
source = { registry = "https://pypi.org/simple" }
sdist = { url = "https://files.pythonhosted.org/packages/49/cc/08bba60f00541f62aaa252ce0cfbd60aebd04616c0b9574f755b583e45ae/pygame-2.6.1.tar.gz", hash = "sha256:56fb02ead529cee00d415c3e007f75e0780c655909aaa8e8bf616ee09c9feb1f", size = 14808125, upload-time = "2024-09-29T13:41:34.698Z" }
wheels = [
    { url = "https://files.pythonhosted.org/packages/92/16/2c602c332f45ff9526d61f6bd764db5096ff9035433e2172e2d2cadae8db/pygame-2.6.1-cp312-cp312-macosx_10_9_x86_64.whl", hash = "sha256:4ee7f2771f588c966fa2fa8b829be26698c9b4836f82ede5e4edc1a68594942e", size = 13118279, upload-time = "2024-09-29T14:26:30.427Z" },
    { url = "https://files.pythonhosted.org/packages/cd/53/77ccbc384b251c6e34bfd2e734c638233922449a7844e3c7a11ef91cee39/pygame-2.6.1-cp312-cp312-macosx_11_0_arm64.whl", hash = "sha256:c8040ea2ab18c6b255af706ec01355c8a6b08dc48d77fd4ee783f8fc46a843bf", size = 12384524, upload-time = "2024-09-29T14:26:49.996Z" },
    { url = "https://files.pythonhosted.org/packages/06/be/3ed337583f010696c3b3435e89a74fb29d0c74d0931e8f33c0a4246307a9/pygame-2.6.1-cp312-cp312-manylinux_2_17_aarch64.manylinux2014_aarch64.whl", hash = "sha256:c47a6938de93fa610accd4969e638c2aebcb29b2fca518a84c3a39d91ab47116", size = 13587123, upload-time = "2024-09-29T11:10:50.072Z" },
    { url = "https://files.pythonhosted.org/packages/fd/ca/b015586a450db59313535662991b34d24c1f0c0dc149cc5f496573900f4e/pygame-2.6.1-cp312-cp312-manylinux_2_17_i686.manylinux2014_i686.whl", hash = "sha256:33006f784e1c7d7e466fcb61d5489da59cc5f7eb098712f792a225df1d4e229d", size = 14275532, upload-time = "2024-09-29T11:39:59.356Z" },
    { url = "https://files.pythonhosted.org/packages/b9/f2/d31e6ad42d657af07be2ffd779190353f759a07b51232b9e1d724f2cda46/pygame-2.6.1-cp312-cp312-manylinux_2_17_x86_64.manylinux2014_x86_64.whl", hash = "sha256:1206125f14cae22c44565c9d333607f1d9f59487b1f1432945dfc809aeaa3e88", size = 13952653, upload-time = "2024-09-29T11:40:01.781Z" },
    { url = "https://files.pythonhosted.org/packages/f3/42/8ea2a6979e6fa971702fece1747e862e2256d4a8558fe0da6364dd946c53/pygame-2.6.1-cp312-cp312-win32.whl", hash = "sha256:84fc4054e25262140d09d39e094f6880d730199710829902f0d8ceae0213379e", size = 10252421, upload-time = "2024-09-29T11:14:26.877Z" },
    { url = "https://files.pythonhosted.org/packages/5f/90/7d766d54bb95939725e9a9361f9c06b0cfbe3fe100aa35400f0a461a278a/pygame-2.6.1-cp312-cp312-win_amd64.whl", hash = "sha256:3a9e7396be0d9633831c3f8d5d82dd63ba373ad65599628294b7a4f8a5a01a65", size = 10624591, upload-time = "2024-09-29T11:52:54.489Z" },
]

[[package]]
name = "uni-ai-studio"
version = "0.1.0"
source = { virtual = "." }
dependencies = [
    { name = "numpy" },
    { name = "pygame" },
]

[package.metadata]
requires-dist = [
    { name = "numpy", specifier = ">=2.3.0" },
    { name = "pygame", specifier = ">=2.6.1" },
]
